github.com/dasbd72/asset-management/binance v0.0.0-20240219145431-c2f696b52ef7 h1:llyCF+0q9gKd4A1ouI67TXjRo3Vi4Uwl5t/1eMBgooo=
github.com/dasbd72/asset-management/max v0.0.0-20240219145431-c2f696b52ef7 h1:DqDYujgRlJrWQgSdTws+uzlBdAF4RTtzWxnm99FHtZI=
github.com/dasbd72/asset-management/okx v0.0.0-20240219145431-c2f696b52ef7 h1:C5cv0k6cNyFaTJKyLmDJ5MMf3nffubbq9MPZKTttVG8=
github.com/google/go-cmp v0.6.0 h1:ofyhxvXcZhMsU5ulbFiLKl/XBFqE1GSq7atu8tAmTRI=
github.com/google/go-cmp v0.6.0/go.mod h1:17dUlkBOakJ0+DkrSSNjCkIjxS6bF9zb3elmeNGIjoY=
